
Microsoft Visual Studio Solution File, Format Version 12.00
# Visual Studio 15
VisualStudioVersion = 15.0.28010.2046
MinimumVisualStudioVersion = 10.0.40219.1
Project("{FAE04EC0-301F-11D3-BF4B-00C04F79EFBC}") = "BackOnTrack", "BackOnTrack\BackOnTrack.csproj", "{5910498A-3685-4B7C-A3AA-077E93773B0F}"
EndProject
Project("{2150E333-8FDC-42A3-9474-1A3956D46DE8}") = "Services", "Services", "{0B97091E-5B90-4406-AF41-1272EE9C8C55}"
EndProject
Project("{FAE04EC0-301F-11D3-BF4B-00C04F79EFBC}") = "BackOnTrack.WebProxy", "BackOnTrack.WebProxy\BackOnTrack.WebProxy.csproj", "{F1827F00-CE83-4D74-AC52-2287B59305D2}"
EndProject
Project("{FAE04EC0-301F-11D3-BF4B-00C04F79EFBC}") = "BackOnTrack.SystemLevelModification", "BackOnTrack.SystemLevelModification\BackOnTrack.SystemLevelModification.csproj", "{081BDD0C-2C13-4374-A7ED-7E671DD28089}"
EndProject
Global
	GlobalSection(SolutionConfigurationPlatforms) = preSolution
		Debug|Any CPU = Debug|Any CPU
		Release|Any CPU = Release|Any CPU
	EndGlobalSection
	GlobalSection(ProjectConfigurationPlatforms) = postSolution
		{5910498A-3685-4B7C-A3AA-077E93773B0F}.Debug|Any CPU.ActiveCfg = Debug|Any CPU
		{5910498A-3685-4B7C-A3AA-077E93773B0F}.Debug|Any CPU.Build.0 = Debug|Any CPU
		{5910498A-3685-4B7C-A3AA-077E93773B0F}.Release|Any CPU.ActiveCfg = Release|Any CPU
		{5910498A-3685-4B7C-A3AA-077E93773B0F}.Release|Any CPU.Build.0 = Release|Any CPU
		{F1827F00-CE83-4D74-AC52-2287B59305D2}.Debug|Any CPU.ActiveCfg = Debug|Any CPU
		{F1827F00-CE83-4D74-AC52-2287B59305D2}.Debug|Any CPU.Build.0 = Debug|Any CPU
		{F1827F00-CE83-4D74-AC52-2287B59305D2}.Release|Any CPU.ActiveCfg = Release|Any CPU
		{F1827F00-CE83-4D74-AC52-2287B59305D2}.Release|Any CPU.Build.0 = Release|Any CPU
		{081BDD0C-2C13-4374-A7ED-7E671DD28089}.Debug|Any CPU.ActiveCfg = Debug|Any CPU
		{081BDD0C-2C13-4374-A7ED-7E671DD28089}.Debug|Any CPU.Build.0 = Debug|Any CPU
		{081BDD0C-2C13-4374-A7ED-7E671DD28089}.Release|Any CPU.ActiveCfg = Release|Any CPU
		{081BDD0C-2C13-4374-A7ED-7E671DD28089}.Release|Any CPU.Build.0 = Release|Any CPU
	EndGlobalSection
	GlobalSection(SolutionProperties) = preSolution
		HideSolutionNode = FALSE
	EndGlobalSection
	GlobalSection(NestedProjects) = preSolution
		{F1827F00-CE83-4D74-AC52-2287B59305D2} = {0B97091E-5B90-4406-AF41-1272EE9C8C55}
		{081BDD0C-2C13-4374-A7ED-7E671DD28089} = {0B97091E-5B90-4406-AF41-1272EE9C8C55}
	EndGlobalSection
	GlobalSection(ExtensibilityGlobals) = postSolution
		SolutionGuid = {95D4441C-7C86-42BF-8A40-43E51832235D}
	EndGlobalSection
EndGlobal
