
Microsoft Visual Studio Solution File, Format Version 12.00
# Visual Studio 15
VisualStudioVersion = 15.0.28010.2046
MinimumVisualStudioVersion = 10.0.40219.1
Project("{FAE04EC0-301F-11D3-BF4B-00C04F79EFBC}") = "BackOnTrack", "BackOnTrack\BackOnTrack.csproj", "{5910498A-3685-4B7C-A3AA-077E93773B0F}"
EndProject
Global
	GlobalSection(SolutionConfigurationPlatforms) = preSolution
		Debug|Any CPU = Debug|Any CPU
		Release|Any CPU = Release|Any CPU
	EndGlobalSection
	GlobalSection(ProjectConfigurationPlatforms) = postSolution
		{5910498A-3685-4B7C-A3AA-077E93773B0F}.Debug|Any CPU.ActiveCfg = Debug|Any CPU
		{5910498A-3685-4B7C-A3AA-077E93773B0F}.Debug|Any CPU.Build.0 = Debug|Any CPU
		{5910498A-3685-4B7C-A3AA-077E93773B0F}.Release|Any CPU.ActiveCfg = Release|Any CPU
		{5910498A-3685-4B7C-A3AA-077E93773B0F}.Release|Any CPU.Build.0 = Release|Any CPU
	EndGlobalSection
	GlobalSection(SolutionProperties) = preSolution
		HideSolutionNode = FALSE
	EndGlobalSection
	GlobalSection(ExtensibilityGlobals) = postSolution
		SolutionGuid = {95D4441C-7C86-42BF-8A40-43E51832235D}
	EndGlobalSection
EndGlobal
